// !$*UTF8*$!
{
	archiveVersion = 1;
	classes = {
	};
	objectVersion = 55;
	objects = {

/* Begin PBXBuildFile section */
		BD39901D28986289003674B3 /* AppDelegate.swift in Sources */ = {isa = PBXBuildFile; fileRef = BD39901C28986289003674B3 /* AppDelegate.swift */; };
		BD39901F28986289003674B3 /* SceneDelegate.swift in Sources */ = {isa = PBXBuildFile; fileRef = BD39901E28986289003674B3 /* SceneDelegate.swift */; };
		BD39902128986289003674B3 /* ViewController.swift in Sources */ = {isa = PBXBuildFile; fileRef = BD39902028986289003674B3 /* ViewController.swift */; };
		BD39902428986289003674B3 /* Main.storyboard in Resources */ = {isa = PBXBuildFile; fileRef = BD39902228986289003674B3 /* Main.storyboard */; };
		BD39902728986289003674B3 /* movere.xcdatamodeld in Sources */ = {isa = PBXBuildFile; fileRef = BD39902528986289003674B3 /* movere.xcdatamodeld */; };
		BD3990292898628A003674B3 /* Assets.xcassets in Resources */ = {isa = PBXBuildFile; fileRef = BD3990282898628A003674B3 /* Assets.xcassets */; };
		BD39902C2898628A003674B3 /* LaunchScreen.storyboard in Resources */ = {isa = PBXBuildFile; fileRef = BD39902A2898628A003674B3 /* LaunchScreen.storyboard */; };
		BD3990372898628A003674B3 /* movereTests.swift in Sources */ = {isa = PBXBuildFile; fileRef = BD3990362898628A003674B3 /* movereTests.swift */; };
		BD3990412898628A003674B3 /* movereUITests.swift in Sources */ = {isa = PBXBuildFile; fileRef = BD3990402898628A003674B3 /* movereUITests.swift */; };
		BD3990432898628A003674B3 /* movereUITestsLaunchTests.swift in Sources */ = {isa = PBXBuildFile; fileRef = BD3990422898628A003674B3 /* movereUITestsLaunchTests.swift */; };
/* End PBXBuildFile section */

/* Begin PBXContainerItemProxy section */
		BD3990332898628A003674B3 /* PBXContainerItemProxy */ = {
			isa = PBXContainerItemProxy;
			containerPortal = BD39901128986289003674B3 /* Project object */;
			proxyType = 1;
			remoteGlobalIDString = BD39901828986289003674B3;
			remoteInfo = movere;
		};
		BD39903D2898628A003674B3 /* PBXContainerItemProxy */ = {
			isa = PBXContainerItemProxy;
			containerPortal = BD39901128986289003674B3 /* Project object */;
			proxyType = 1;
			remoteGlobalIDString = BD39901828986289003674B3;
			remoteInfo = movere;
		};
/* End PBXContainerItemProxy section */

/* Begin PBXFileReference section */
		BD39901928986289003674B3 /* movere.app */ = {isa = PBXFileReference; explicitFileType = wrapper.application; includeInIndex = 0; path = movere.app; sourceTree = BUILT_PRODUCTS_DIR; };
		BD39901C28986289003674B3 /* AppDelegate.swift */ = {isa = PBXFileReference; lastKnownFileType = sourcecode.swift; path = AppDelegate.swift; sourceTree = "<group>"; };
		BD39901E28986289003674B3 /* SceneDelegate.swift */ = {isa = PBXFileReference; lastKnownFileType = sourcecode.swift; path = SceneDelegate.swift; sourceTree = "<group>"; };
		BD39902028986289003674B3 /* ViewController.swift */ = {isa = PBXFileReference; lastKnownFileType = sourcecode.swift; path = ViewController.swift; sourceTree = "<group>"; };
		BD39902328986289003674B3 /* Base */ = {isa = PBXFileReference; lastKnownFileType = file.storyboard; name = Base; path = Base.lproj/Main.storyboard; sourceTree = "<group>"; };
		BD39902628986289003674B3 /* movere.xcdatamodel */ = {isa = PBXFileReference; lastKnownFileType = wrapper.xcdatamodel; path = movere.xcdatamodel; sourceTree = "<group>"; };
		BD3990282898628A003674B3 /* Assets.xcassets */ = {isa = PBXFileReference; lastKnownFileType = folder.assetcatalog; path = Assets.xcassets; sourceTree = "<group>"; };
		BD39902B2898628A003674B3 /* Base */ = {isa = PBXFileReference; lastKnownFileType = file.storyboard; name = Base; path = Base.lproj/LaunchScreen.storyboard; sourceTree = "<group>"; };
		BD39902D2898628A003674B3 /* Info.plist */ = {isa = PBXFileReference; lastKnownFileType = text.plist.xml; path = Info.plist; sourceTree = "<group>"; };
		BD3990322898628A003674B3 /* movereTests.xctest */ = {isa = PBXFileReference; explicitFileType = wrapper.cfbundle; includeInIndex = 0; path = movereTests.xctest; sourceTree = BUILT_PRODUCTS_DIR; };
		BD3990362898628A003674B3 /* movereTests.swift */ = {isa = PBXFileReference; lastKnownFileType = sourcecode.swift; path = movereTests.swift; sourceTree = "<group>"; };
		BD39903C2898628A003674B3 /* movereUITests.xctest */ = {isa = PBXFileReference; explicitFileType = wrapper.cfbundle; includeInIndex = 0; path = movereUITests.xctest; sourceTree = BUILT_PRODUCTS_DIR; };
		BD3990402898628A003674B3 /* movereUITests.swift */ = {isa = PBXFileReference; lastKnownFileType = sourcecode.swift; path = movereUITests.swift; sourceTree = "<group>"; };
		BD3990422898628A003674B3 /* movereUITestsLaunchTests.swift */ = {isa = PBXFileReference; lastKnownFileType = sourcecode.swift; path = movereUITestsLaunchTests.swift; sourceTree = "<group>"; };
/* End PBXFileReference section */

/* Begin PBXFrameworksBuildPhase section */
		BD39901628986289003674B3 /* Frameworks */ = {
			isa = PBXFrameworksBuildPhase;
			buildActionMask = 2147483647;
			files = (
			);
			runOnlyForDeploymentPostprocessing = 0;
		};
		BD39902F2898628A003674B3 /* Frameworks */ = {
			isa = PBXFrameworksBuildPhase;
			buildActionMask = 2147483647;
			files = (
			);
			runOnlyForDeploymentPostprocessing = 0;
		};
		BD3990392898628A003674B3 /* Frameworks */ = {
			isa = PBXFrameworksBuildPhase;
			buildActionMask = 2147483647;
			files = (
			);
			runOnlyForDeploymentPostprocessing = 0;
		};
/* End PBXFrameworksBuildPhase section */

/* Begin PBXGroup section */
		BD39901028986289003674B3 = {
			isa = PBXGroup;
			children = (
				BD39901B28986289003674B3 /* movere */,
				BD3990352898628A003674B3 /* movereTests */,
				BD39903F2898628A003674B3 /* movereUITests */,
				BD39901A28986289003674B3 /* Products */,
			);
			sourceTree = "<group>";
		};
		BD39901A28986289003674B3 /* Products */ = {
			isa = PBXGroup;
			children = (
				BD39901928986289003674B3 /* movere.app */,
				BD3990322898628A003674B3 /* movereTests.xctest */,
				BD39903C2898628A003674B3 /* movereUITests.xctest */,
			);
			name = Products;
			sourceTree = "<group>";
		};
		BD39901B28986289003674B3 /* movere */ = {
			isa = PBXGroup;
			children = (
				BD39901C28986289003674B3 /* AppDelegate.swift */,
				BD39901E28986289003674B3 /* SceneDelegate.swift */,
				BD39902028986289003674B3 /* ViewController.swift */,
				BD39902228986289003674B3 /* Main.storyboard */,
				BD3990282898628A003674B3 /* Assets.xcassets */,
				BD39902A2898628A003674B3 /* LaunchScreen.storyboard */,
				BD39902D2898628A003674B3 /* Info.plist */,
				BD39902528986289003674B3 /* movere.xcdatamodeld */,
			);
			path = movere;
			sourceTree = "<group>";
		};
		BD3990352898628A003674B3 /* movereTests */ = {
			isa = PBXGroup;
			children = (
				BD3990362898628A003674B3 /* movereTests.swift */,
			);
			path = movereTests;
			sourceTree = "<group>";
		};
		BD39903F2898628A003674B3 /* movereUITests */ = {
			isa = PBXGroup;
			children = (
				BD3990402898628A003674B3 /* movereUITests.swift */,
				BD3990422898628A003674B3 /* movereUITestsLaunchTests.swift */,
			);
			path = movereUITests;
			sourceTree = "<group>";
		};
/* End PBXGroup section */

/* Begin PBXNativeTarget section */
		BD39901828986289003674B3 /* movere */ = {
			isa = PBXNativeTarget;
			buildConfigurationList = BD3990462898628A003674B3 /* Build configuration list for PBXNativeTarget "movere" */;
			buildPhases = (
				BD39901528986289003674B3 /* Sources */,
				BD39901628986289003674B3 /* Frameworks */,
				BD39901728986289003674B3 /* Resources */,
			);
			buildRules = (
			);
			dependencies = (
			);
			name = movere;
			productName = movere;
			productReference = BD39901928986289003674B3 /* movere.app */;
			productType = "com.apple.product-type.application";
		};
		BD3990312898628A003674B3 /* movereTests */ = {
			isa = PBXNativeTarget;
			buildConfigurationList = BD3990492898628A003674B3 /* Build configuration list for PBXNativeTarget "movereTests" */;
			buildPhases = (
				BD39902E2898628A003674B3 /* Sources */,
				BD39902F2898628A003674B3 /* Frameworks */,
				BD3990302898628A003674B3 /* Resources */,
			);
			buildRules = (
			);
			dependencies = (
				BD3990342898628A003674B3 /* PBXTargetDependency */,
			);
			name = movereTests;
			productName = movereTests;
			productReference = BD3990322898628A003674B3 /* movereTests.xctest */;
			productType = "com.apple.product-type.bundle.unit-test";
		};
		BD39903B2898628A003674B3 /* movereUITests */ = {
			isa = PBXNativeTarget;
			buildConfigurationList = BD39904C2898628A003674B3 /* Build configuration list for PBXNativeTarget "movereUITests" */;
			buildPhases = (
				BD3990382898628A003674B3 /* Sources */,
				BD3990392898628A003674B3 /* Frameworks */,
				BD39903A2898628A003674B3 /* Resources */,
			);
			buildRules = (
			);
			dependencies = (
				BD39903E2898628A003674B3 /* PBXTargetDependency */,
			);
			name = movereUITests;
			productName = movereUITests;
			productReference = BD39903C2898628A003674B3 /* movereUITests.xctest */;
			productType = "com.apple.product-type.bundle.ui-testing";
		};
/* End PBXNativeTarget section */

/* Begin PBXProject section */
		BD39901128986289003674B3 /* Project object */ = {
			isa = PBXProject;
			attributes = {
				BuildIndependentTargetsInParallel = 1;
				LastSwiftUpdateCheck = 1340;
				LastUpgradeCheck = 1340;
				TargetAttributes = {
					BD39901828986289003674B3 = {
						CreatedOnToolsVersion = 13.4.1;
					};
					BD3990312898628A003674B3 = {
						CreatedOnToolsVersion = 13.4.1;
						TestTargetID = BD39901828986289003674B3;
					};
					BD39903B2898628A003674B3 = {
						CreatedOnToolsVersion = 13.4.1;
						TestTargetID = BD39901828986289003674B3;
					};
				};
			};
			buildConfigurationList = BD39901428986289003674B3 /* Build configuration list for PBXProject "movere" */;
			compatibilityVersion = "Xcode 13.0";
			developmentRegion = en;
			hasScannedForEncodings = 0;
			knownRegions = (
				en,
				Base,
			);
			mainGroup = BD39901028986289003674B3;
			productRefGroup = BD39901A28986289003674B3 /* Products */;
			projectDirPath = "";
			projectRoot = "";
			targets = (
				BD39901828986289003674B3 /* movere */,
				BD3990312898628A003674B3 /* movereTests */,
				BD39903B2898628A003674B3 /* movereUITests */,
			);
		};
/* End PBXProject section */

/* Begin PBXResourcesBuildPhase section */
		BD39901728986289003674B3 /* Resources */ = {
			isa = PBXResourcesBuildPhase;
			buildActionMask = 2147483647;
			files = (
				BD39902C2898628A003674B3 /* LaunchScreen.storyboard in Resources */,
				BD3990292898628A003674B3 /* Assets.xcassets in Resources */,
				BD39902428986289003674B3 /* Main.storyboard in Resources */,
			);
			runOnlyForDeploymentPostprocessing = 0;
		};
		BD3990302898628A003674B3 /* Resources */ = {
			isa = PBXResourcesBuildPhase;
			buildActionMask = 2147483647;
			files = (
			);
			runOnlyForDeploymentPostprocessing = 0;
		};
		BD39903A2898628A003674B3 /* Resources */ = {
			isa = PBXResourcesBuildPhase;
			buildActionMask = 2147483647;
			files = (
			);
			runOnlyForDeploymentPostprocessing = 0;
		};
/* End PBXResourcesBuildPhase section */

/* Begin PBXSourcesBuildPhase section */
		BD39901528986289003674B3 /* Sources */ = {
			isa = PBXSourcesBuildPhase;
			buildActionMask = 2147483647;
			files = (
				BD39902128986289003674B3 /* ViewController.swift in Sources */,
				BD39902728986289003674B3 /* movere.xcdatamodeld in Sources */,
				BD39901D28986289003674B3 /* AppDelegate.swift in Sources */,
				BD39901F28986289003674B3 /* SceneDelegate.swift in Sources */,
			);
			runOnlyForDeploymentPostprocessing = 0;
		};
		BD39902E2898628A003674B3 /* Sources */ = {
			isa = PBXSourcesBuildPhase;
			buildActionMask = 2147483647;
			files = (
				BD3990372898628A003674B3 /* movereTests.swift in Sources */,
			);
			runOnlyForDeploymentPostprocessing = 0;
		};
		BD3990382898628A003674B3 /* Sources */ = {
			isa = PBXSourcesBuildPhase;
			buildActionMask = 2147483647;
			files = (
				BD3990432898628A003674B3 /* movereUITestsLaunchTests.swift in Sources */,
				BD3990412898628A003674B3 /* movereUITests.swift in Sources */,
			);
			runOnlyForDeploymentPostprocessing = 0;
		};
/* End PBXSourcesBuildPhase section */

/* Begin PBXTargetDependency section */
		BD3990342898628A003674B3 /* PBXTargetDependency */ = {
			isa = PBXTargetDependency;
			target = BD39901828986289003674B3 /* movere */;
			targetProxy = BD3990332898628A003674B3 /* PBXContainerItemProxy */;
		};
		BD39903E2898628A003674B3 /* PBXTargetDependency */ = {
			isa = PBXTargetDependency;
			target = BD39901828986289003674B3 /* movere */;
			targetProxy = BD39903D2898628A003674B3 /* PBXContainerItemProxy */;
		};
/* End PBXTargetDependency section */

/* Begin PBXVariantGroup section */
		BD39902228986289003674B3 /* Main.storyboard */ = {
			isa = PBXVariantGroup;
			children = (
				BD39902328986289003674B3 /* Base */,
			);
			name = Main.storyboard;
			sourceTree = "<group>";
		};
		BD39902A2898628A003674B3 /* LaunchScreen.storyboard */ = {
			isa = PBXVariantGroup;
			children = (
				BD39902B2898628A003674B3 /* Base */,
			);
			name = LaunchScreen.storyboard;
			sourceTree = "<group>";
		};
/* End PBXVariantGroup section */

/* Begin XCBuildConfiguration section */
		BD3990442898628A003674B3 /* Debug */ = {
			isa = XCBuildConfiguration;
			buildSettings = {
				ALWAYS_SEARCH_USER_PATHS = NO;
				CLANG_ANALYZER_NONNULL = YES;
				CLANG_ANALYZER_NUMBER_OBJECT_CONVERSION = YES_AGGRESSIVE;
				CLANG_CXX_LANGUAGE_STANDARD = "gnu++17";
				CLANG_ENABLE_MODULES = YES;
				CLANG_ENABLE_OBJC_ARC = YES;
				CLANG_ENABLE_OBJC_WEAK = YES;
				CLANG_WARN_BLOCK_CAPTURE_AUTORELEASING = YES;
				CLANG_WARN_BOOL_CONVERSION = YES;
				CLANG_WARN_COMMA = YES;
				CLANG_WARN_CONSTANT_CONVERSION = YES;
				CLANG_WARN_DEPRECATED_OBJC_IMPLEMENTATIONS = YES;
				CLANG_WARN_DIRECT_OBJC_ISA_USAGE = YES_ERROR;
				CLANG_WARN_DOCUMENTATION_COMMENTS = YES;
				CLANG_WARN_EMPTY_BODY = YES;
				CLANG_WARN_ENUM_CONVERSION = YES;
				CLANG_WARN_INFINITE_RECURSION = YES;
				CLANG_WARN_INT_CONVERSION = YES;
				CLANG_WARN_NON_LITERAL_NULL_CONVERSION = YES;
				CLANG_WARN_OBJC_IMPLICIT_RETAIN_SELF = YES;
				CLANG_WARN_OBJC_LITERAL_CONVERSION = YES;
				CLANG_WARN_OBJC_ROOT_CLASS = YES_ERROR;
				CLANG_WARN_QUOTED_INCLUDE_IN_FRAMEWORK_HEADER = YES;
				CLANG_WARN_RANGE_LOOP_ANALYSIS = YES;
				CLANG_WARN_STRICT_PROTOTYPES = YES;
				CLANG_WARN_SUSPICIOUS_MOVE = YES;
				CLANG_WARN_UNGUARDED_AVAILABILITY = YES_AGGRESSIVE;
				CLANG_WARN_UNREACHABLE_CODE = YES;
				CLANG_WARN__DUPLICATE_METHOD_MATCH = YES;
				COPY_PHASE_STRIP = NO;
				DEBUG_INFORMATION_FORMAT = dwarf;
				ENABLE_STRICT_OBJC_MSGSEND = YES;
				ENABLE_TESTABILITY = YES;
				GCC_C_LANGUAGE_STANDARD = gnu11;
				GCC_DYNAMIC_NO_PIC = NO;
				GCC_NO_COMMON_BLOCKS = YES;
				GCC_OPTIMIZATION_LEVEL = 0;
				GCC_PREPROCESSOR_DEFINITIONS = (
					"DEBUG=1",
					"$(inherited)",
				);
				GCC_WARN_64_TO_32_BIT_CONVERSION = YES;
				GCC_WARN_ABOUT_RETURN_TYPE = YES_ERROR;
				GCC_WARN_UNDECLARED_SELECTOR = YES;
				GCC_WARN_UNINITIALIZED_AUTOS = YES_AGGRESSIVE;
				GCC_WARN_UNUSED_FUNCTION = YES;
				GCC_WARN_UNUSED_VARIABLE = YES;
				IPHONEOS_DEPLOYMENT_TARGET = 15.5;
				MTL_ENABLE_DEBUG_INFO = INCLUDE_SOURCE;
				MTL_FAST_MATH = YES;
				ONLY_ACTIVE_ARCH = YES;
				SDKROOT = iphoneos;
				SWIFT_ACTIVE_COMPILATION_CONDITIONS = DEBUG;
				SWIFT_OPTIMIZATION_LEVEL = "-Onone";
			};
			name = Debug;
		};
		BD3990452898628A003674B3 /* Release */ = {
			isa = XCBuildConfiguration;
			buildSettings = {
				ALWAYS_SEARCH_USER_PATHS = NO;
				CLANG_ANALYZER_NONNULL = YES;
				CLANG_ANALYZER_NUMBER_OBJECT_CONVERSION = YES_AGGRESSIVE;
				CLANG_CXX_LANGUAGE_STANDARD = "gnu++17";
				CLANG_ENABLE_MODULES = YES;
				CLANG_ENABLE_OBJC_ARC = YES;
				CLANG_ENABLE_OBJC_WEAK = YES;
				CLANG_WARN_BLOCK_CAPTURE_AUTORELEASING = YES;
				CLANG_WARN_BOOL_CONVERSION = YES;
				CLANG_WARN_COMMA = YES;
				CLANG_WARN_CONSTANT_CONVERSION = YES;
				CLANG_WARN_DEPRECATED_OBJC_IMPLEMENTATIONS = YES;
				CLANG_WARN_DIRECT_OBJC_ISA_USAGE = YES_ERROR;
				CLANG_WARN_DOCUMENTATION_COMMENTS = YES;
				CLANG_WARN_EMPTY_BODY = YES;
				CLANG_WARN_ENUM_CONVERSION = YES;
				CLANG_WARN_INFINITE_RECURSION = YES;
				CLANG_WARN_INT_CONVERSION = YES;
				CLANG_WARN_NON_LITERAL_NULL_CONVERSION = YES;
				CLANG_WARN_OBJC_IMPLICIT_RETAIN_SELF = YES;
				CLANG_WARN_OBJC_LITERAL_CONVERSION = YES;
				CLANG_WARN_OBJC_ROOT_CLASS = YES_ERROR;
				CLANG_WARN_QUOTED_INCLUDE_IN_FRAMEWORK_HEADER = YES;
				CLANG_WARN_RANGE_LOOP_ANALYSIS = YES;
				CLANG_WARN_STRICT_PROTOTYPES = YES;
				CLANG_WARN_SUSPICIOUS_MOVE = YES;
				CLANG_WARN_UNGUARDED_AVAILABILITY = YES_AGGRESSIVE;
				CLANG_WARN_UNREACHABLE_CODE = YES;
				CLANG_WARN__DUPLICATE_METHOD_MATCH = YES;
				COPY_PHASE_STRIP = NO;
				DEBUG_INFORMATION_FORMAT = "dwarf-with-dsym";
				ENABLE_NS_ASSERTIONS = NO;
				ENABLE_STRICT_OBJC_MSGSEND = YES;
				GCC_C_LANGUAGE_STANDARD = gnu11;
				GCC_NO_COMMON_BLOCKS = YES;
				GCC_WARN_64_TO_32_BIT_CONVERSION = YES;
				GCC_WARN_ABOUT_RETURN_TYPE = YES_ERROR;
				GCC_WARN_UNDECLARED_SELECTOR = YES;
				GCC_WARN_UNINITIALIZED_AUTOS = YES_AGGRESSIVE;
				GCC_WARN_UNUSED_FUNCTION = YES;
				GCC_WARN_UNUSED_VARIABLE = YES;
				IPHONEOS_DEPLOYMENT_TARGET = 15.5;
				MTL_ENABLE_DEBUG_INFO = NO;
				MTL_FAST_MATH = YES;
				SDKROOT = iphoneos;
				SWIFT_COMPILATION_MODE = wholemodule;
				SWIFT_OPTIMIZATION_LEVEL = "-O";
				VALIDATE_PRODUCT = YES;
			};
			name = Release;
		};
		BD3990472898628A003674B3 /* Debug */ = {
			isa = XCBuildConfiguration;
			buildSettings = {
				ASSETCATALOG_COMPILER_APPICON_NAME = AppIcon;
				ASSETCATALOG_COMPILER_GLOBAL_ACCENT_COLOR_NAME = AccentColor;
				CODE_SIGN_STYLE = Automatic;
				CURRENT_PROJECT_VERSION = 1;
				GENERATE_INFOPLIST_FILE = YES;
				INFOPLIST_FILE = movere/Info.plist;
				INFOPLIST_KEY_UIApplicationSupportsIndirectInputEvents = YES;
				INFOPLIST_KEY_UILaunchStoryboardName = LaunchScreen;
				INFOPLIST_KEY_UIMainStoryboardFile = Main;
				INFOPLIST_KEY_UISupportedInterfaceOrientations_iPad = "UIInterfaceOrientationPortrait UIInterfaceOrientationPortraitUpsideDown UIInterfaceOrientationLandscapeLeft UIInterfaceOrientationLandscapeRight";
				INFOPLIST_KEY_UISupportedInterfaceOrientations_iPhone = "UIInterfaceOrientationPortrait UIInterfaceOrientationLandscapeLeft UIInterfaceOrientationLandscapeRight";
				LD_RUNPATH_SEARCH_PATHS = (
					"$(inherited)",
					"@executable_path/Frameworks",
				);
				MARKETING_VERSION = 1.0;
				PRODUCT_BUNDLE_IDENTIFIER = KWK.movere;
				PRODUCT_NAME = "$(TARGET_NAME)";
				SWIFT_EMIT_LOC_STRINGS = YES;
				SWIFT_VERSION = 5.0;
				TARGETED_DEVICE_FAMILY = "1,2";
			};
			name = Debug;
		};
		BD3990482898628A003674B3 /* Release */ = {
			isa = XCBuildConfiguration;
			buildSettings = {
				ASSETCATALOG_COMPILER_APPICON_NAME = AppIcon;
				ASSETCATALOG_COMPILER_GLOBAL_ACCENT_COLOR_NAME = AccentColor;
				CODE_SIGN_STYLE = Automatic;
				CURRENT_PROJECT_VERSION = 1;
				GENERATE_INFOPLIST_FILE = YES;
				INFOPLIST_FILE = movere/Info.plist;
				INFOPLIST_KEY_UIApplicationSupportsIndirectInputEvents = YES;
				INFOPLIST_KEY_UILaunchStoryboardName = LaunchScreen;
				INFOPLIST_KEY_UIMainStoryboardFile = Main;
				INFOPLIST_KEY_UISupportedInterfaceOrientations_iPad = "UIInterfaceOrientationPortrait UIInterfaceOrientationPortraitUpsideDown UIInterfaceOrientationLandscapeLeft UIInterfaceOrientationLandscapeRight";
				INFOPLIST_KEY_UISupportedInterfaceOrientations_iPhone = "UIInterfaceOrientationPortrait UIInterfaceOrientationLandscapeLeft UIInterfaceOrientationLandscapeRight";
				LD_RUNPATH_SEARCH_PATHS = (
					"$(inherited)",
					"@executable_path/Frameworks",
				);
				MARKETING_VERSION = 1.0;
				PRODUCT_BUNDLE_IDENTIFIER = KWK.movere;
				PRODUCT_NAME = "$(TARGET_NAME)";
				SWIFT_EMIT_LOC_STRINGS = YES;
				SWIFT_VERSION = 5.0;
				TARGETED_DEVICE_FAMILY = "1,2";
			};
			name = Release;
		};
		BD39904A2898628A003674B3 /* Debug */ = {
			isa = XCBuildConfiguration;
			buildSettings = {
				ALWAYS_EMBED_SWIFT_STANDARD_LIBRARIES = YES;
				BUNDLE_LOADER = "$(TEST_HOST)";
				CODE_SIGN_STYLE = Automatic;
				CURRENT_PROJECT_VERSION = 1;
				GENERATE_INFOPLIST_FILE = YES;
				IPHONEOS_DEPLOYMENT_TARGET = 15.5;
				MARKETING_VERSION = 1.0;
				PRODUCT_BUNDLE_IDENTIFIER = KWK.movereTests;
				PRODUCT_NAME = "$(TARGET_NAME)";
				SWIFT_EMIT_LOC_STRINGS = NO;
				SWIFT_VERSION = 5.0;
				TARGETED_DEVICE_FAMILY = "1,2";
				TEST_HOST = "$(BUILT_PRODUCTS_DIR)/movere.app/movere";
			};
			name = Debug;
		};
		BD39904B2898628A003674B3 /* Release */ = {
			isa = XCBuildConfiguration;
			buildSettings = {
				ALWAYS_EMBED_SWIFT_STANDARD_LIBRARIES = YES;
				BUNDLE_LOADER = "$(TEST_HOST)";
				CODE_SIGN_STYLE = Automatic;
				CURRENT_PROJECT_VERSION = 1;
				GENERATE_INFOPLIST_FILE = YES;
				IPHONEOS_DEPLOYMENT_TARGET = 15.5;
				MARKETING_VERSION = 1.0;
				PRODUCT_BUNDLE_IDENTIFIER = KWK.movereTests;
				PRODUCT_NAME = "$(TARGET_NAME)";
				SWIFT_EMIT_LOC_STRINGS = NO;
				SWIFT_VERSION = 5.0;
				TARGETED_DEVICE_FAMILY = "1,2";
				TEST_HOST = "$(BUILT_PRODUCTS_DIR)/movere.app/movere";
			};
			name = Release;
		};
		BD39904D2898628A003674B3 /* Debug */ = {
			isa = XCBuildConfiguration;
			buildSettings = {
				ALWAYS_EMBED_SWIFT_STANDARD_LIBRARIES = YES;
				CODE_SIGN_STYLE = Automatic;
				CURRENT_PROJECT_VERSION = 1;
				GENERATE_INFOPLIST_FILE = YES;
				MARKETING_VERSION = 1.0;
				PRODUCT_BUNDLE_IDENTIFIER = KWK.movereUITests;
				PRODUCT_NAME = "$(TARGET_NAME)";
				SWIFT_EMIT_LOC_STRINGS = NO;
				SWIFT_VERSION = 5.0;
				TARGETED_DEVICE_FAMILY = "1,2";
				TEST_TARGET_NAME = movere;
			};
			name = Debug;
		};
		BD39904E2898628A003674B3 /* Release */ = {
			isa = XCBuildConfiguration;
			buildSettings = {
				ALWAYS_EMBED_SWIFT_STANDARD_LIBRARIES = YES;
				CODE_SIGN_STYLE = Automatic;
				CURRENT_PROJECT_VERSION = 1;
				GENERATE_INFOPLIST_FILE = YES;
				MARKETING_VERSION = 1.0;
				PRODUCT_BUNDLE_IDENTIFIER = KWK.movereUITests;
				PRODUCT_NAME = "$(TARGET_NAME)";
				SWIFT_EMIT_LOC_STRINGS = NO;
				SWIFT_VERSION = 5.0;
				TARGETED_DEVICE_FAMILY = "1,2";
				TEST_TARGET_NAME = movere;
			};
			name = Release;
		};
/* End XCBuildConfiguration section */

/* Begin XCConfigurationList section */
		BD39901428986289003674B3 /* Build configuration list for PBXProject "movere" */ = {
			isa = XCConfigurationList;
			buildConfigurations = (
				BD3990442898628A003674B3 /* Debug */,
				BD3990452898628A003674B3 /* Release */,
			);
			defaultConfigurationIsVisible = 0;
			defaultConfigurationName = Release;
		};
		BD3990462898628A003674B3 /* Build configuration list for PBXNativeTarget "movere" */ = {
			isa = XCConfigurationList;
			buildConfigurations = (
				BD3990472898628A003674B3 /* Debug */,
				BD3990482898628A003674B3 /* Release */,
			);
			defaultConfigurationIsVisible = 0;
			defaultConfigurationName = Release;
		};
		BD3990492898628A003674B3 /* Build configuration list for PBXNativeTarget "movereTests" */ = {
			isa = XCConfigurationList;
			buildConfigurations = (
				BD39904A2898628A003674B3 /* Debug */,
				BD39904B2898628A003674B3 /* Release */,
			);
			defaultConfigurationIsVisible = 0;
			defaultConfigurationName = Release;
		};
		BD39904C2898628A003674B3 /* Build configuration list for PBXNativeTarget "movereUITests" */ = {
			isa = XCConfigurationList;
			buildConfigurations = (
				BD39904D2898628A003674B3 /* Debug */,
				BD39904E2898628A003674B3 /* Release */,
			);
			defaultConfigurationIsVisible = 0;
			defaultConfigurationName = Release;
		};
/* End XCConfigurationList section */

/* Begin XCVersionGroup section */
		BD39902528986289003674B3 /* movere.xcdatamodeld */ = {
			isa = XCVersionGroup;
			children = (
				BD39902628986289003674B3 /* movere.xcdatamodel */,
			);
			currentVersion = BD39902628986289003674B3 /* movere.xcdatamodel */;
			path = movere.xcdatamodeld;
			sourceTree = "<group>";
			versionGroupType = wrapper.xcdatamodel;
		};
/* End XCVersionGroup section */
	};
	rootObject = BD39901128986289003674B3 /* Project object */;
}
